{
  "version": 4,
  "terraform_version": "1.15.8",
  "serial": 60,
  "lineage": "c52d8ace-3d26-7af1-e7df-b41fbb205770",
  "outputs": {
    "data_bucket_url": {
      "value": "https://storage.googleapis.com/project-7d3fea71-ad84-4c07-99a-satellite-data",
      "type": "string"
    },
    "function_url": {
      "value": "https://us-central1-project-7d3fea71-ad84-4c07-99a.cloudfunctions.net/satellite-refresh",
      "type": "string"
    },
    "positions_json_url": {
      "value": "https://storage.googleapis.com/project-7d3fea71-ad84-4c07-99a-satellite-data/positions.json",
      "type": "string"
    },
    "service_account_email": {
      "value": "satellite-refresh@project-7d3fea71-ad84-4c07-99a.iam.gserviceaccount.com",
      "type": "string"
    }
  },
  "resources": [
    {
      "mode": "data",
      "type": "archive_file",
      "name": "function_source",
      "provider": "provider[\"registry.terraform.io/hashicorp/archive\"]",
      "instances": [
        {
          "schema_version": 0,
          "attributes": {
            "exclude_symlink_directories": null,
            "excludes": [
              ".git",
              ".github",
              ".venv",
              "README.md",
              "api",
              "data",
              "infra",
              "plans",
              "public",
              "pyproject.toml"
            ],
            "id": "4a6afe2e3bfb5b1d9c7667b8651c984a83cb06a4",
            "output_base64sha256": "8ukna2xrV6ju8vHjBwQ+KvXnWkKFH2Byv1IujSDBS3Q=",
            "output_base64sha512": "MLjz0yrnKzDAXlafpZuPdnTiX6/oA3AnL6NSJvPwk/qhiFt99cBvgsOWhI2xn8Q6i79gb3Xb4vP9Yv46u1igzA==",
            "output_file_mode": null,
            "output_md5": "eaf4c4f37cd30a55da6e2542da8ccf12",
            "output_path": "./function-source.zip",
            "output_sha": "4a6afe2e3bfb5b1d9c7667b8651c984a83cb06a4",
            "output_sha256": "f2e9276b6c6b57a8eef2f1e307043e2af5e75a42851f6072bf522e8d20c14b74",
            "output_sha512": "30b8f3d32ae72b30c05e569fa59b8f7674e25fafe80370272fa35226f3f093faa1885b7df5c06f82c396848db19fc43a8bbf606f75dbe2f3fd62fe3abb58a0cc",
            "output_size": 39214,
            "source": [],
            "source_content": null,
            "source_content_filename": null,
            "source_dir": "./..",
            "source_file": null,
            "type": "zip"
          },
          "sensitive_attributes": [],
          "identity_schema_version": 0
        }
      ]
    },
    {
      "mode": "data",
      "type": "google_project",
      "name": "project",
      "provider": "provider[\"registry.terraform.io/hashicorp/google\"]",
      "instances": [
        {
          "schema_version": 0,
          "attributes": {
            "auto_create_network": null,
            "billing_account": "016770-36728E-ED945F",
            "deletion_policy": "DELETE",
            "effective_labels": {},
            "folder_id": "",
            "id": "projects/project-7d3fea71-ad84-4c07-99a",
            "labels": {},
            "name": "satellite trackr",
            "number": "333214009821",
            "org_id": "27633722657",
            "project_id": "project-7d3fea71-ad84-4c07-99a",
            "skip_delete": null,
            "terraform_labels": {}
          },
          "sensitive_attributes": [],
          "identity_schema_version": 0
        }
      ]
    },
    {
      "mode": "managed",
      "type": "google_cloud_run_service_iam_member",
      "name": "invoker",
      "provider": "provider[\"registry.terraform.io/hashicorp/google\"]",
      "instances": [
        {
          "schema_version": 0,
          "attributes": {
            "condition": [],
            "etag": "BwZX7//UXJo=",
            "id": "v1/projects/project-7d3fea71-ad84-4c07-99a/locations/us-central1/services/satellite-refresh/roles/run.invoker/serviceAccount:satellite-refresh@project-7d3fea71-ad84-4c07-99a.iam.gserviceaccount.com",
            "location": "us-central1",
            "member": "serviceAccount:satellite-refresh@project-7d3fea71-ad84-4c07-99a.iam.gserviceaccount.com",
            "project": "project-7d3fea71-ad84-4c07-99a",
            "role": "roles/run.invoker",
            "service": "v1/projects/project-7d3fea71-ad84-4c07-99a/locations/us-central1/services/satellite-refresh"
          },
          "sensitive_attributes": [],
          "identity_schema_version": 0,
          "private": "bnVsbA==",
          "dependencies": [
            "data.archive_file.function_source",
            "data.google_project.project",
            "google_cloudfunctions2_function.refresh",
            "google_project_iam_member.cloudbuild_ar_writer",
            "google_project_iam_member.cloudbuild_builder",
            "google_project_iam_member.compute_ar_writer",
            "google_project_iam_member.compute_log_writer",
            "google_project_iam_member.compute_storage_viewer",
            "google_project_service.apis",
            "google_service_account.runner",
            "google_storage_bucket.source",
            "google_storage_bucket_object.source"
          ]
        }
      ]
    },
    {
      "mode": "managed",
      "type": "google_cloud_scheduler_job",
      "name": "refresh",
      "provider": "provider[\"registry.terraform.io/hashicorp/google\"]",
      "instances": [
        {
          "schema_version": 0,
          "attributes": {
            "app_engine_http_target": [],
            "attempt_deadline": "180s",
            "description": "",
            "http_target": [
              {
                "body": "",
                "headers": {},
                "http_method": "POST",
                "oauth_token": [],
                "oidc_token": [
                  {
                    "audience": "https://us-central1-project-7d3fea71-ad84-4c07-99a.cloudfunctions.net/satellite-refresh",
                    "service_account_email": "satellite-refresh@project-7d3fea71-ad84-4c07-99a.iam.gserviceaccount.com"
                  }
                ],
                "uri": "https://us-central1-project-7d3fea71-ad84-4c07-99a.cloudfunctions.net/satellite-refresh"
              }
            ],
            "id": "projects/project-7d3fea71-ad84-4c07-99a/locations/us-central1/jobs/satellite-refresh",
            "name": "satellite-refresh",
            "paused": false,
            "project": "project-7d3fea71-ad84-4c07-99a",
            "pubsub_target": [],
            "region": "us-central1",
            "retry_config": [],
            "schedule": "0 */12 * * *",
            "state": "ENABLED",
            "time_zone": "UTC",
            "timeouts": null
          },
          "sensitive_attributes": [],
          "identity_schema_version": 0,
          "private": "eyJlMmJmYjczMC1lY2FhLTExZTYtOGY4OC0zNDM2M2JjN2M0YzAiOnsiY3JlYXRlIjoxMjAwMDAwMDAwMDAwLCJkZWxldGUiOjEyMDAwMDAwMDAwMDAsInVwZGF0ZSI6MTIwMDAwMDAwMDAwMH19",
          "dependencies": [
            "data.archive_file.function_source",
            "data.google_project.project",
            "google_cloud_run_service_iam_member.invoker",
            "google_cloudfunctions2_function.refresh",
            "google_cloudfunctions2_function_iam_member.invoker",
            "google_project_iam_member.cloudbuild_ar_writer",
            "google_project_iam_member.cloudbuild_builder",
            "google_project_iam_member.compute_ar_writer",
            "google_project_iam_member.compute_log_writer",
            "google_project_iam_member.compute_storage_viewer",
            "google_project_service.apis",
            "google_service_account.runner",
            "google_storage_bucket.source",
            "google_storage_bucket_object.source"
          ]
        }
      ]
    },
    {
      "mode": "managed",
      "type": "google_cloudfunctions2_function",
      "name": "refresh",
      "provider": "provider[\"registry.terraform.io/hashicorp/google\"]",
      "instances": [
        {
          "schema_version": 0,
          "attributes": {
            "build_config": [
              {
                "automatic_update_policy": [
                  {}
                ],
                "build": "projects/333214009821/locations/us-central1/builds/ebdf2d04-d791-4a6b-a013-e912851dd804",
                "docker_repository": "projects/project-7d3fea71-ad84-4c07-99a/locations/us-central1/repositories/gcf-artifacts",
                "entry_point": "refresh",
                "environment_variables": {},
                "on_deploy_update_policy": [],
                "runtime": "python311",
                "service_account": "projects/project-7d3fea71-ad84-4c07-99a/serviceAccounts/333214009821-compute@developer.gserviceaccount.com",
                "source": [
                  {
                    "repo_source": [],
                    "storage_source": [
                      {
                        "bucket": "project-7d3fea71-ad84-4c07-99a-satellite-data-src",
                        "generation": 1785616544488233,
                        "object": "function-eaf4c4f37cd30a55da6e2542da8ccf12.zip"
                      }
                    ]
                  }
                ],
                "worker_pool": ""
              }
            ],
            "description": "Fetch Starlink TLEs, propagate positions, flag close approaches, publish positions.json.",
            "effective_labels": {},
            "environment": "GEN_2",
            "event_trigger": [],
            "id": "projects/project-7d3fea71-ad84-4c07-99a/locations/us-central1/functions/satellite-refresh",
            "kms_key_name": "",
            "labels": null,
            "location": "us-central1",
            "name": "satellite-refresh",
            "project": "project-7d3fea71-ad84-4c07-99a",
            "service_config": [
              {
                "all_traffic_on_latest_revision": true,
                "available_cpu": "2",
                "available_memory": "8192Mi",
                "environment_variables": {
                  "CACHE_TTL_HRS": "0",
                  "DATA_BUCKET": "project-7d3fea71-ad84-4c07-99a-satellite-data",
                  "DATA_DIR": "/tmp/data",
                  "LOG_EXECUTION_ID": "true",
                  "OUTPUT_STEP_MIN": "5",
                  "SAT_GROUPS": "starlink",
                  "STEP_MIN": "1",
                  "TIME_WINDOW_HRS": "24"
                },
                "gcf_uri": "",
                "ingress_settings": "ALLOW_ALL",
                "max_instance_count": 1,
                "max_instance_request_concurrency": 1,
                "min_instance_count": 0,
                "secret_environment_variables": [],
                "secret_volumes": [],
                "service": "projects/project-7d3fea71-ad84-4c07-99a/locations/us-central1/services/satellite-refresh",
                "service_account_email": "satellite-refresh@project-7d3fea71-ad84-4c07-99a.iam.gserviceaccount.com",
                "timeout_seconds": 540,
                "uri": "https://satellite-refresh-r4d23zvzfq-uc.a.run.app",
                "vpc_connector": "",
                "vpc_connector_egress_settings": ""
              }
            ],
            "state": "ACTIVE",
            "terraform_labels": {},
            "timeouts": null,
            "update_time": "2026-08-01T20:39:40.247863803Z",
            "url": "https://us-central1-project-7d3fea71-ad84-4c07-99a.cloudfunctions.net/satellite-refresh"
          },
          "sensitive_attributes": [],
          "identity_schema_version": 0,
          "private": "eyJlMmJmYjczMC1lY2FhLTExZTYtOGY4OC0zNDM2M2JjN2M0YzAiOnsiY3JlYXRlIjozNjAwMDAwMDAwMDAwLCJkZWxldGUiOjM2MDAwMDAwMDAwMDAsInVwZGF0ZSI6MzYwMDAwMDAwMDAwMH19",
          "dependencies": [
            "data.archive_file.function_source",
            "data.google_project.project",
            "google_project_iam_member.cloudbuild_ar_writer",
            "google_project_iam_member.cloudbuild_builder",
            "google_project_iam_member.compute_ar_writer",
            "google_project_iam_member.compute_log_writer",
            "google_project_iam_member.compute_storage_viewer",
            "google_project_service.apis",
            "google_service_account.runner",
            "google_storage_bucket.source",
            "google_storage_bucket_object.source"
          ]
        }
      ]
    },
    {
      "mode": "managed",
      "type": "google_cloudfunctions2_function_iam_member",
      "name": "invoker",
      "provider": "provider[\"registry.terraform.io/hashicorp/google\"]",
      "instances": [
        {
          "schema_version": 0,
          "attributes": {
            "cloud_function": "projects/project-7d3fea71-ad84-4c07-99a/locations/us-central1/functions/satellite-refresh",
            "condition": [],
            "etag": "BwZX8AAEcuc=",
            "id": "projects/project-7d3fea71-ad84-4c07-99a/locations/us-central1/functions/satellite-refresh/roles/cloudfunctions.invoker/serviceAccount:satellite-refresh@project-7d3fea71-ad84-4c07-99a.iam.gserviceaccount.com",
            "location": "us-central1",
            "member": "serviceAccount:satellite-refresh@project-7d3fea71-ad84-4c07-99a.iam.gserviceaccount.com",
            "project": "project-7d3fea71-ad84-4c07-99a",
            "role": "roles/cloudfunctions.invoker"
          },
          "sensitive_attributes": [],
          "identity_schema_version": 0,
          "private": "bnVsbA==",
          "dependencies": [
            "data.archive_file.function_source",
            "data.google_project.project",
            "google_cloudfunctions2_function.refresh",
            "google_project_iam_member.cloudbuild_ar_writer",
            "google_project_iam_member.cloudbuild_builder",
            "google_project_iam_member.compute_ar_writer",
            "google_project_iam_member.compute_log_writer",
            "google_project_iam_member.compute_storage_viewer",
            "google_project_service.apis",
            "google_service_account.runner",
            "google_storage_bucket.source",
            "google_storage_bucket_object.source"
          ]
        }
      ]
    },
    {
      "mode": "managed",
      "type": "google_project_iam_member",
      "name": "cloudbuild_ar_writer",
      "provider": "provider[\"registry.terraform.io/hashicorp/google\"]",
      "instances": [
        {
          "schema_version": 0,
          "attributes": {
            "condition": [],
            "etag": "BwZX73VkTsU=",
            "id": "project-7d3fea71-ad84-4c07-99a/roles/artifactregistry.writer/serviceAccount:333214009821@cloudbuild.gserviceaccount.com",
            "member": "serviceAccount:333214009821@cloudbuild.gserviceaccount.com",
            "project": "project-7d3fea71-ad84-4c07-99a",
            "role": "roles/artifactregistry.writer"
          },
          "sensitive_attributes": [],
          "identity_schema_version": 0,
          "private": "bnVsbA==",
          "dependencies": [
            "data.google_project.project"
          ]
        }
      ]
    },
    {
      "mode": "managed",
      "type": "google_project_iam_member",
      "name": "cloudbuild_builder",
      "provider": "provider[\"registry.terraform.io/hashicorp/google\"]",
      "instances": [
        {
          "schema_version": 0,
          "attributes": {
            "condition": [],
            "etag": "BwZX73VkTsU=",
            "id": "project-7d3fea71-ad84-4c07-99a/roles/cloudbuild.builds.builder/serviceAccount:333214009821@cloudbuild.gserviceaccount.com",
            "member": "serviceAccount:333214009821@cloudbuild.gserviceaccount.com",
            "project": "project-7d3fea71-ad84-4c07-99a",
            "role": "roles/cloudbuild.builds.builder"
          },
          "sensitive_attributes": [],
          "identity_schema_version": 0,
          "private": "bnVsbA==",
          "dependencies": [
            "data.google_project.project"
          ]
        }
      ]
    },
    {
      "mode": "managed",
      "type": "google_project_iam_member",
      "name": "compute_ar_writer",
      "provider": "provider[\"registry.terraform.io/hashicorp/google\"]",
      "instances": [
        {
          "schema_version": 0,
          "attributes": {
            "condition": [],
            "etag": "BwZX73VkTsU=",
            "id": "project-7d3fea71-ad84-4c07-99a/roles/artifactregistry.writer/serviceAccount:333214009821-compute@developer.gserviceaccount.com",
            "member": "serviceAccount:333214009821-compute@developer.gserviceaccount.com",
            "project": "project-7d3fea71-ad84-4c07-99a",
            "role": "roles/artifactregistry.writer"
          },
          "sensitive_attributes": [],
          "identity_schema_version": 0,
          "private": "bnVsbA==",
          "dependencies": [
            "data.google_project.project"
          ]
        }
      ]
    },
    {
      "mode": "managed",
      "type": "google_project_iam_member",
      "name": "compute_log_writer",
      "provider": "provider[\"registry.terraform.io/hashicorp/google\"]",
      "instances": [
        {
          "schema_version": 0,
          "attributes": {
            "condition": [],
            "etag": "BwZX73VkTsU=",
            "id": "project-7d3fea71-ad84-4c07-99a/roles/logging.logWriter/serviceAccount:333214009821-compute@developer.gserviceaccount.com",
            "member": "serviceAccount:333214009821-compute@developer.gserviceaccount.com",
            "project": "project-7d3fea71-ad84-4c07-99a",
            "role": "roles/logging.logWriter"
          },
          "sensitive_attributes": [],
          "identity_schema_version": 0,
          "private": "bnVsbA==",
          "dependencies": [
            "data.google_project.project"
          ]
        }
      ]
    },
    {
      "mode": "managed",
      "type": "google_project_iam_member",
      "name": "compute_storage_viewer",
      "provider": "provider[\"registry.terraform.io/hashicorp/google\"]",
      "instances": [
        {
          "schema_version": 0,
          "attributes": {
            "condition": [],
            "etag": "BwZX73VkTsU=",
            "id": "project-7d3fea71-ad84-4c07-99a/roles/storage.objectViewer/serviceAccount:333214009821-compute@developer.gserviceaccount.com",
            "member": "serviceAccount:333214009821-compute@developer.gserviceaccount.com",
            "project": "project-7d3fea71-ad84-4c07-99a",
            "role": "roles/storage.objectViewer"
          },
          "sensitive_attributes": [],
          "identity_schema_version": 0,
          "private": "bnVsbA==",
          "dependencies": [
            "data.google_project.project"
          ]
        }
      ]
    },
    {
      "mode": "managed",
      "type": "google_project_service",
      "name": "apis",
      "provider": "provider[\"registry.terraform.io/hashicorp/google\"]",
      "instances": [
        {
          "index_key": "artifactregistry.googleapis.com",
          "schema_version": 0,
          "attributes": {
            "disable_dependent_services": false,
            "disable_on_destroy": true,
            "id": "project-7d3fea71-ad84-4c07-99a/artifactregistry.googleapis.com",
            "project": "project-7d3fea71-ad84-4c07-99a",
            "service": "artifactregistry.googleapis.com",
            "timeouts": null
          },
          "sensitive_attributes": [],
          "identity_schema_version": 0,
          "private": "eyJlMmJmYjczMC1lY2FhLTExZTYtOGY4OC0zNDM2M2JjN2M0YzAiOnsiY3JlYXRlIjoxMjAwMDAwMDAwMDAwLCJkZWxldGUiOjEyMDAwMDAwMDAwMDAsInJlYWQiOjYwMDAwMDAwMDAwMCwidXBkYXRlIjoxMjAwMDAwMDAwMDAwfX0="
        },
        {
          "index_key": "cloudbuild.googleapis.com",
          "schema_version": 0,
          "attributes": {
            "disable_dependent_services": false,
            "disable_on_destroy": true,
            "id": "project-7d3fea71-ad84-4c07-99a/cloudbuild.googleapis.com",
            "project": "project-7d3fea71-ad84-4c07-99a",
            "service": "cloudbuild.googleapis.com",
            "timeouts": null
          },
          "sensitive_attributes": [],
          "identity_schema_version": 0,
          "private": "eyJlMmJmYjczMC1lY2FhLTExZTYtOGY4OC0zNDM2M2JjN2M0YzAiOnsiY3JlYXRlIjoxMjAwMDAwMDAwMDAwLCJkZWxldGUiOjEyMDAwMDAwMDAwMDAsInJlYWQiOjYwMDAwMDAwMDAwMCwidXBkYXRlIjoxMjAwMDAwMDAwMDAwfX0="
        },
        {
          "index_key": "cloudfunctions.googleapis.com",
          "schema_version": 0,
          "attributes": {
            "disable_dependent_services": false,
            "disable_on_destroy": true,
            "id": "project-7d3fea71-ad84-4c07-99a/cloudfunctions.googleapis.com",
            "project": "project-7d3fea71-ad84-4c07-99a",
            "service": "cloudfunctions.googleapis.com",
            "timeouts": null
          },
          "sensitive_attributes": [],
          "identity_schema_version": 0,
          "private": "eyJlMmJmYjczMC1lY2FhLTExZTYtOGY4OC0zNDM2M2JjN2M0YzAiOnsiY3JlYXRlIjoxMjAwMDAwMDAwMDAwLCJkZWxldGUiOjEyMDAwMDAwMDAwMDAsInJlYWQiOjYwMDAwMDAwMDAwMCwidXBkYXRlIjoxMjAwMDAwMDAwMDAwfX0="
        },
        {
          "index_key": "cloudscheduler.googleapis.com",
          "schema_version": 0,
          "attributes": {
            "disable_dependent_services": false,
            "disable_on_destroy": true,
            "id": "project-7d3fea71-ad84-4c07-99a/cloudscheduler.googleapis.com",
            "project": "project-7d3fea71-ad84-4c07-99a",
            "service": "cloudscheduler.googleapis.com",
            "timeouts": null
          },
          "sensitive_attributes": [],
          "identity_schema_version": 0,
          "private": "eyJlMmJmYjczMC1lY2FhLTExZTYtOGY4OC0zNDM2M2JjN2M0YzAiOnsiY3JlYXRlIjoxMjAwMDAwMDAwMDAwLCJkZWxldGUiOjEyMDAwMDAwMDAwMDAsInJlYWQiOjYwMDAwMDAwMDAwMCwidXBkYXRlIjoxMjAwMDAwMDAwMDAwfX0="
        },
        {
          "index_key": "eventarc.googleapis.com",
          "schema_version": 0,
          "attributes": {
            "disable_dependent_services": false,
            "disable_on_destroy": true,
            "id": "project-7d3fea71-ad84-4c07-99a/eventarc.googleapis.com",
            "project": "project-7d3fea71-ad84-4c07-99a",
            "service": "eventarc.googleapis.com",
            "timeouts": null
          },
          "sensitive_attributes": [],
          "identity_schema_version": 0,
          "private": "eyJlMmJmYjczMC1lY2FhLTExZTYtOGY4OC0zNDM2M2JjN2M0YzAiOnsiY3JlYXRlIjoxMjAwMDAwMDAwMDAwLCJkZWxldGUiOjEyMDAwMDAwMDAwMDAsInJlYWQiOjYwMDAwMDAwMDAwMCwidXBkYXRlIjoxMjAwMDAwMDAwMDAwfX0="
        },
        {
          "index_key": "run.googleapis.com",
          "schema_version": 0,
          "attributes": {
            "disable_dependent_services": false,
            "disable_on_destroy": true,
            "id": "project-7d3fea71-ad84-4c07-99a/run.googleapis.com",
            "project": "project-7d3fea71-ad84-4c07-99a",
            "service": "run.googleapis.com",
            "timeouts": null
          },
          "sensitive_attributes": [],
          "identity_schema_version": 0,
          "private": "eyJlMmJmYjczMC1lY2FhLTExZTYtOGY4OC0zNDM2M2JjN2M0YzAiOnsiY3JlYXRlIjoxMjAwMDAwMDAwMDAwLCJkZWxldGUiOjEyMDAwMDAwMDAwMDAsInJlYWQiOjYwMDAwMDAwMDAwMCwidXBkYXRlIjoxMjAwMDAwMDAwMDAwfX0="
        },
        {
          "index_key": "storage.googleapis.com",
          "schema_version": 0,
          "attributes": {
            "disable_dependent_services": false,
            "disable_on_destroy": true,
            "id": "project-7d3fea71-ad84-4c07-99a/storage.googleapis.com",
            "project": "project-7d3fea71-ad84-4c07-99a",
            "service": "storage.googleapis.com",
            "timeouts": null
          },
          "sensitive_attributes": [],
          "identity_schema_version": 0,
          "private": "eyJlMmJmYjczMC1lY2FhLTExZTYtOGY4OC0zNDM2M2JjN2M0YzAiOnsiY3JlYXRlIjoxMjAwMDAwMDAwMDAwLCJkZWxldGUiOjEyMDAwMDAwMDAwMDAsInJlYWQiOjYwMDAwMDAwMDAwMCwidXBkYXRlIjoxMjAwMDAwMDAwMDAwfX0="
        }
      ]
    },
    {
      "mode": "managed",
      "type": "google_service_account",
      "name": "runner",
      "provider": "provider[\"registry.terraform.io/hashicorp/google\"]",
      "instances": [
        {
          "schema_version": 0,
          "attributes": {
            "account_id": "satellite-refresh",
            "create_ignore_already_exists": null,
            "description": "Runs the refresh Cloud Function and is used by Cloud Scheduler to trigger it.",
            "disabled": false,
            "display_name": "Satellite pipeline runner",
            "email": "satellite-refresh@project-7d3fea71-ad84-4c07-99a.iam.gserviceaccount.com",
            "id": "projects/project-7d3fea71-ad84-4c07-99a/serviceAccounts/satellite-refresh@project-7d3fea71-ad84-4c07-99a.iam.gserviceaccount.com",
            "member": "serviceAccount:satellite-refresh@project-7d3fea71-ad84-4c07-99a.iam.gserviceaccount.com",
            "name": "projects/project-7d3fea71-ad84-4c07-99a/serviceAccounts/satellite-refresh@project-7d3fea71-ad84-4c07-99a.iam.gserviceaccount.com",
            "project": "project-7d3fea71-ad84-4c07-99a",
            "timeouts": null,
            "unique_id": "107021524427944418459"
          },
          "sensitive_attributes": [],
          "identity_schema_version": 0,
          "private": "eyJlMmJmYjczMC1lY2FhLTExZTYtOGY4OC0zNDM2M2JjN2M0YzAiOnsiY3JlYXRlIjozMDAwMDAwMDAwMDB9fQ=="
        }
      ]
    },
    {
      "mode": "managed",
      "type": "google_storage_bucket",
      "name": "data",
      "provider": "provider[\"registry.terraform.io/hashicorp/google\"]",
      "instances": [
        {
          "schema_version": 2,
          "attributes": {
            "autoclass": [],
            "cors": [
              {
                "max_age_seconds": 3600,
                "method": [
                  "GET",
                  "HEAD"
                ],
                "origin": [
                  "*"
                ],
                "response_header": [
                  "Content-Type",
                  "Access-Control-Allow-Origin"
                ]
              }
            ],
            "custom_placement_config": [],
            "default_event_based_hold": false,
            "effective_labels": {},
            "enable_object_retention": false,
            "encryption": [],
            "force_destroy": true,
            "id": "project-7d3fea71-ad84-4c07-99a-satellite-data",
            "labels": {},
            "lifecycle_rule": [],
            "location": "US-CENTRAL1",
            "logging": [],
            "name": "project-7d3fea71-ad84-4c07-99a-satellite-data",
            "project": "project-7d3fea71-ad84-4c07-99a",
            "project_number": 333214009821,
            "public_access_prevention": "inherited",
            "requester_pays": false,
            "retention_policy": [],
            "rpo": null,
            "self_link": "https://www.googleapis.com/storage/v1/b/project-7d3fea71-ad84-4c07-99a-satellite-data",
            "soft_delete_policy": [
              {
                "effective_time": "2026-07-30T22:10:38.873Z",
                "retention_duration_seconds": 604800
              }
            ],
            "storage_class": "STANDARD",
            "terraform_labels": {},
            "timeouts": null,
            "uniform_bucket_level_access": true,
            "url": "gs://project-7d3fea71-ad84-4c07-99a-satellite-data",
            "versioning": [],
            "website": []
          },
          "sensitive_attributes": [],
          "identity_schema_version": 0,
          "private": "eyJlMmJmYjczMC1lY2FhLTExZTYtOGY4OC0zNDM2M2JjN2M0YzAiOnsiY3JlYXRlIjo2MDAwMDAwMDAwMDAsInJlYWQiOjI0MDAwMDAwMDAwMCwidXBkYXRlIjoyNDAwMDAwMDAwMDB9LCJzY2hlbWFfdmVyc2lvbiI6IjIifQ=="
        }
      ]
    },
    {
      "mode": "managed",
      "type": "google_storage_bucket",
      "name": "source",
      "provider": "provider[\"registry.terraform.io/hashicorp/google\"]",
      "instances": [
        {
          "schema_version": 2,
          "attributes": {
            "autoclass": [],
            "cors": [],
            "custom_placement_config": [],
            "default_event_based_hold": false,
            "effective_labels": {},
            "enable_object_retention": false,
            "encryption": [],
            "force_destroy": true,
            "id": "project-7d3fea71-ad84-4c07-99a-satellite-data-src",
            "labels": {},
            "lifecycle_rule": [],
            "location": "US-CENTRAL1",
            "logging": [],
            "name": "project-7d3fea71-ad84-4c07-99a-satellite-data-src",
            "project": "project-7d3fea71-ad84-4c07-99a",
            "project_number": 333214009821,
            "public_access_prevention": "enforced",
            "requester_pays": false,
            "retention_policy": [],
            "rpo": null,
            "self_link": "https://www.googleapis.com/storage/v1/b/project-7d3fea71-ad84-4c07-99a-satellite-data-src",
            "soft_delete_policy": [
              {
                "effective_time": "2026-07-30T22:10:39.106Z",
                "retention_duration_seconds": 604800
              }
            ],
            "storage_class": "STANDARD",
            "terraform_labels": {},
            "timeouts": null,
            "uniform_bucket_level_access": true,
            "url": "gs://project-7d3fea71-ad84-4c07-99a-satellite-data-src",
            "versioning": [],
            "website": []
          },
          "sensitive_attributes": [],
          "identity_schema_version": 0,
          "private": "eyJlMmJmYjczMC1lY2FhLTExZTYtOGY4OC0zNDM2M2JjN2M0YzAiOnsiY3JlYXRlIjo2MDAwMDAwMDAwMDAsInJlYWQiOjI0MDAwMDAwMDAwMCwidXBkYXRlIjoyNDAwMDAwMDAwMDB9LCJzY2hlbWFfdmVyc2lvbiI6IjIifQ=="
        }
      ]
    },
    {
      "mode": "managed",
      "type": "google_storage_bucket_iam_member",
      "name": "fn_write",
      "provider": "provider[\"registry.terraform.io/hashicorp/google\"]",
      "instances": [
        {
          "schema_version": 0,
          "attributes": {
            "bucket": "b/project-7d3fea71-ad84-4c07-99a-satellite-data",
            "condition": [],
            "etag": "CAQ=",
            "id": "b/project-7d3fea71-ad84-4c07-99a-satellite-data/roles/storage.objectAdmin/serviceAccount:satellite-refresh@project-7d3fea71-ad84-4c07-99a.iam.gserviceaccount.com",
            "member": "serviceAccount:satellite-refresh@project-7d3fea71-ad84-4c07-99a.iam.gserviceaccount.com",
            "role": "roles/storage.objectAdmin"
          },
          "sensitive_attributes": [],
          "identity_schema_version": 0,
          "private": "bnVsbA==",
          "dependencies": [
            "google_service_account.runner",
            "google_storage_bucket.data"
          ]
        }
      ]
    },
    {
      "mode": "managed",
      "type": "google_storage_bucket_iam_member",
      "name": "public_read",
      "provider": "provider[\"registry.terraform.io/hashicorp/google\"]",
      "instances": [
        {
          "schema_version": 0,
          "attributes": {
            "bucket": "b/project-7d3fea71-ad84-4c07-99a-satellite-data",
            "condition": [],
            "etag": "CAQ=",
            "id": "b/project-7d3fea71-ad84-4c07-99a-satellite-data/roles/storage.objectViewer/allUsers",
            "member": "allUsers",
            "role": "roles/storage.objectViewer"
          },
          "sensitive_attributes": [],
          "identity_schema_version": 0,
          "private": "bnVsbA==",
          "dependencies": [
            "google_storage_bucket.data"
          ]
        }
      ]
    },
    {
      "mode": "managed",
      "type": "google_storage_bucket_object",
      "name": "source",
      "provider": "provider[\"registry.terraform.io/hashicorp/google\"]",
      "instances": [
        {
          "schema_version": 0,
          "attributes": {
            "bucket": "project-7d3fea71-ad84-4c07-99a-satellite-data-src",
            "cache_control": "",
            "content": null,
            "content_disposition": "",
            "content_encoding": "",
            "content_language": "",
            "content_type": "application/zip",
            "crc32c": "fcEbDg==",
            "customer_encryption": [],
            "detect_md5hash": "6vTE83zTClXabiVC2ozPEg==",
            "event_based_hold": false,
            "generation": 1785616543623304,
            "id": "project-7d3fea71-ad84-4c07-99a-satellite-data-src-function-eaf4c4f37cd30a55da6e2542da8ccf12.zip",
            "kms_key_name": "",
            "md5hash": "6vTE83zTClXabiVC2ozPEg==",
            "media_link": "https://storage.googleapis.com/download/storage/v1/b/project-7d3fea71-ad84-4c07-99a-satellite-data-src/o/function-eaf4c4f37cd30a55da6e2542da8ccf12.zip?generation=1785616543623304\u0026alt=media",
            "metadata": null,
            "name": "function-eaf4c4f37cd30a55da6e2542da8ccf12.zip",
            "output_name": "function-eaf4c4f37cd30a55da6e2542da8ccf12.zip",
            "retention": [],
            "self_link": "https://www.googleapis.com/storage/v1/b/project-7d3fea71-ad84-4c07-99a-satellite-data-src/o/function-eaf4c4f37cd30a55da6e2542da8ccf12.zip",
            "source": "./function-source.zip",
            "storage_class": "STANDARD",
            "temporary_hold": false,
            "timeouts": null
          },
          "sensitive_attributes": [
            [
              {
                "type": "get_attr",
                "value": "content"
              }
            ]
          ],
          "identity_schema_version": 0,
          "private": "eyJlMmJmYjczMC1lY2FhLTExZTYtOGY4OC0zNDM2M2JjN2M0YzAiOnsiY3JlYXRlIjoyNDAwMDAwMDAwMDAsImRlbGV0ZSI6MjQwMDAwMDAwMDAwLCJ1cGRhdGUiOjI0MDAwMDAwMDAwMH19",
          "dependencies": [
            "data.archive_file.function_source",
            "google_storage_bucket.source"
          ]
        }
      ]
    }
  ],
  "check_results": null
}
