{
  "version": 4,
  "terraform_version": "1.15.8",
  "serial": 23,
  "lineage": "c52d8ace-3d26-7af1-e7df-b41fbb205770",
  "outputs": {
    "data_bucket_url": {
      "value": "https://storage.googleapis.com/project-7d3fea71-ad84-4c07-99a-satellite-data",
      "type": "string"
    },
    "positions_json_url": {
      "value": "https://storage.googleapis.com/project-7d3fea71-ad84-4c07-99a-satellite-data/positions.json",
      "type": "string"
    },
    "service_account_email": {
      "value": "satellite-refresh@project-7d3fea71-ad84-4c07-99a.iam.gserviceaccount.com",
      "type": "string"
    }
  },
  "resources": [
    {
      "mode": "data",
      "type": "archive_file",
      "name": "function_source",
      "provider": "provider[\"registry.terraform.io/hashicorp/archive\"]",
      "instances": [
        {
          "schema_version": 0,
          "attributes": {
            "exclude_symlink_directories": null,
            "excludes": [
              ".git",
              ".github",
              ".venv",
              "README.md",
              "api",
              "data",
              "frontend",
              "infra",
              "plans"
            ],
            "id": "70072be01f88c22e92cb6f91b1fd473155a84b3e",
            "output_base64sha256": "S/QkDmUwnYxPZKohqzRad1Zv2+qHTITzwMY08PwGlA4=",
            "output_base64sha512": "lRMqx+znsUIJH2tc3g/9UhrHNBl+RMYHmeAUdA1zRtLYdXqMRWzeAIRUZHM14QWy8sp9zJ39mkkMg2dIVQhaCw==",
            "output_file_mode": null,
            "output_md5": "7dc7917981adb8b4cd5977e40918e901",
            "output_path": "./function-source.zip",
            "output_sha": "70072be01f88c22e92cb6f91b1fd473155a84b3e",
            "output_sha256": "4bf4240e65309d8c4f64aa21ab345a77566fdbea874c84f3c0c634f0fc06940e",
            "output_sha512": "95132ac7ece7b142091f6b5cde0ffd521ac734197e44c60799e014740d7346d2d8757a8c456cde008454647335e105b2f2ca7dcc9dfd9a490c83674855085a0b",
            "output_size": 34545,
            "source": [],
            "source_content": null,
            "source_content_filename": null,
            "source_dir": "./..",
            "source_file": null,
            "type": "zip"
          },
          "sensitive_attributes": [],
          "identity_schema_version": 0
        }
      ]
    },
    {
      "mode": "data",
      "type": "google_project",
      "name": "project",
      "provider": "provider[\"registry.terraform.io/hashicorp/google\"]",
      "instances": [
        {
          "schema_version": 0,
          "attributes": {
            "auto_create_network": null,
            "billing_account": "016770-36728E-ED945F",
            "deletion_policy": "DELETE",
            "effective_labels": {},
            "folder_id": "",
            "id": "projects/project-7d3fea71-ad84-4c07-99a",
            "labels": {},
            "name": "satellite trackr",
            "number": "333214009821",
            "org_id": "27633722657",
            "project_id": "project-7d3fea71-ad84-4c07-99a",
            "skip_delete": null,
            "terraform_labels": {}
          },
          "sensitive_attributes": [],
          "identity_schema_version": 0
        }
      ]
    },
    {
      "mode": "managed",
      "type": "google_cloudfunctions2_function",
      "name": "refresh",
      "provider": "provider[\"registry.terraform.io/hashicorp/google\"]",
      "instances": [
        {
          "status": "tainted",
          "schema_version": 0,
          "attributes": {
            "build_config": [
              {
                "automatic_update_policy": [],
                "build": "",
                "docker_repository": "",
                "entry_point": "refresh",
                "environment_variables": {},
                "on_deploy_update_policy": [],
                "runtime": "python311",
                "service_account": "",
                "source": [
                  {
                    "repo_source": [],
                    "storage_source": [
                      {
                        "bucket": "project-7d3fea71-ad84-4c07-99a-satellite-data-src",
                        "generation": 0,
                        "object": "function-7dc7917981adb8b4cd5977e40918e901.zip"
                      }
                    ]
                  }
                ],
                "worker_pool": ""
              }
            ],
            "description": "Fetch Starlink TLEs, propagate positions, flag close approaches, publish positions.json.",
            "effective_labels": null,
            "environment": null,
            "event_trigger": [],
            "id": "projects/project-7d3fea71-ad84-4c07-99a/locations/us-central1/functions/satellite-refresh",
            "kms_key_name": null,
            "labels": null,
            "location": "us-central1",
            "name": "satellite-refresh",
            "project": "project-7d3fea71-ad84-4c07-99a",
            "service_config": [
              {
                "all_traffic_on_latest_revision": true,
                "available_cpu": "",
                "available_memory": "2048Mi",
                "environment_variables": {
                  "CACHE_TTL_HRS": "0",
                  "DATA_BUCKET": "project-7d3fea71-ad84-4c07-99a-satellite-data",
                  "DATA_DIR": "/tmp/data",
                  "OUTPUT_STEP_MIN": "5",
                  "SAT_GROUPS": "starlink",
                  "STEP_MIN": "1",
                  "TIME_WINDOW_HRS": "24"
                },
                "gcf_uri": "",
                "ingress_settings": "ALLOW_ALL",
                "max_instance_count": 1,
                "max_instance_request_concurrency": 0,
                "min_instance_count": 0,
                "secret_environment_variables": [],
                "secret_volumes": [],
                "service": "",
                "service_account_email": "satellite-refresh@project-7d3fea71-ad84-4c07-99a.iam.gserviceaccount.com",
                "timeout_seconds": 540,
                "uri": "",
                "vpc_connector": "",
                "vpc_connector_egress_settings": ""
              }
            ],
            "state": null,
            "terraform_labels": null,
            "timeouts": null,
            "update_time": null,
            "url": null
          },
          "sensitive_attributes": [],
          "identity_schema_version": 0,
          "private": "eyJlMmJmYjczMC1lY2FhLTExZTYtOGY4OC0zNDM2M2JjN2M0YzAiOnsiY3JlYXRlIjozNjAwMDAwMDAwMDAwLCJkZWxldGUiOjM2MDAwMDAwMDAwMDAsInVwZGF0ZSI6MzYwMDAwMDAwMDAwMH19",
          "dependencies": [
            "data.archive_file.function_source",
            "data.google_project.project",
            "google_project_iam_member.cloudbuild_ar_writer",
            "google_project_iam_member.cloudbuild_builder",
            "google_project_service.apis",
            "google_service_account.runner",
            "google_storage_bucket.source",
            "google_storage_bucket_object.source"
          ]
        }
      ]
    },
    {
      "mode": "managed",
      "type": "google_project_iam_member",
      "name": "cloudbuild_ar_writer",
      "provider": "provider[\"registry.terraform.io/hashicorp/google\"]",
      "instances": [
        {
          "schema_version": 0,
          "attributes": {
            "condition": [],
            "etag": "BwZX22jK0LQ=",
            "id": "project-7d3fea71-ad84-4c07-99a/roles/artifactregistry.writer/serviceAccount:333214009821@cloudbuild.gserviceaccount.com",
            "member": "serviceAccount:333214009821@cloudbuild.gserviceaccount.com",
            "project": "project-7d3fea71-ad84-4c07-99a",
            "role": "roles/artifactregistry.writer"
          },
          "sensitive_attributes": [],
          "identity_schema_version": 0,
          "private": "bnVsbA==",
          "dependencies": [
            "data.google_project.project"
          ]
        }
      ]
    },
    {
      "mode": "managed",
      "type": "google_project_iam_member",
      "name": "cloudbuild_builder",
      "provider": "provider[\"registry.terraform.io/hashicorp/google\"]",
      "instances": [
        {
          "schema_version": 0,
          "attributes": {
            "condition": [],
            "etag": "BwZX23HpQ4k=",
            "id": "project-7d3fea71-ad84-4c07-99a/roles/cloudbuild.builds.builder/serviceAccount:333214009821@cloudbuild.gserviceaccount.com",
            "member": "serviceAccount:333214009821@cloudbuild.gserviceaccount.com",
            "project": "project-7d3fea71-ad84-4c07-99a",
            "role": "roles/cloudbuild.builds.builder"
          },
          "sensitive_attributes": [],
          "identity_schema_version": 0,
          "private": "bnVsbA==",
          "dependencies": [
            "data.google_project.project"
          ]
        }
      ]
    },
    {
      "mode": "managed",
      "type": "google_project_service",
      "name": "apis",
      "provider": "provider[\"registry.terraform.io/hashicorp/google\"]",
      "instances": [
        {
          "index_key": "artifactregistry.googleapis.com",
          "schema_version": 0,
          "attributes": {
            "disable_dependent_services": false,
            "disable_on_destroy": true,
            "id": "project-7d3fea71-ad84-4c07-99a/artifactregistry.googleapis.com",
            "project": "project-7d3fea71-ad84-4c07-99a",
            "service": "artifactregistry.googleapis.com",
            "timeouts": null
          },
          "sensitive_attributes": [],
          "identity_schema_version": 0,
          "private": "eyJlMmJmYjczMC1lY2FhLTExZTYtOGY4OC0zNDM2M2JjN2M0YzAiOnsiY3JlYXRlIjoxMjAwMDAwMDAwMDAwLCJkZWxldGUiOjEyMDAwMDAwMDAwMDAsInJlYWQiOjYwMDAwMDAwMDAwMCwidXBkYXRlIjoxMjAwMDAwMDAwMDAwfX0="
        },
        {
          "index_key": "cloudbuild.googleapis.com",
          "schema_version": 0,
          "attributes": {
            "disable_dependent_services": false,
            "disable_on_destroy": true,
            "id": "project-7d3fea71-ad84-4c07-99a/cloudbuild.googleapis.com",
            "project": "project-7d3fea71-ad84-4c07-99a",
            "service": "cloudbuild.googleapis.com",
            "timeouts": null
          },
          "sensitive_attributes": [],
          "identity_schema_version": 0,
          "private": "eyJlMmJmYjczMC1lY2FhLTExZTYtOGY4OC0zNDM2M2JjN2M0YzAiOnsiY3JlYXRlIjoxMjAwMDAwMDAwMDAwLCJkZWxldGUiOjEyMDAwMDAwMDAwMDAsInJlYWQiOjYwMDAwMDAwMDAwMCwidXBkYXRlIjoxMjAwMDAwMDAwMDAwfX0="
        },
        {
          "index_key": "cloudfunctions.googleapis.com",
          "schema_version": 0,
          "attributes": {
            "disable_dependent_services": false,
            "disable_on_destroy": true,
            "id": "project-7d3fea71-ad84-4c07-99a/cloudfunctions.googleapis.com",
            "project": "project-7d3fea71-ad84-4c07-99a",
            "service": "cloudfunctions.googleapis.com",
            "timeouts": null
          },
          "sensitive_attributes": [],
          "identity_schema_version": 0,
          "private": "eyJlMmJmYjczMC1lY2FhLTExZTYtOGY4OC0zNDM2M2JjN2M0YzAiOnsiY3JlYXRlIjoxMjAwMDAwMDAwMDAwLCJkZWxldGUiOjEyMDAwMDAwMDAwMDAsInJlYWQiOjYwMDAwMDAwMDAwMCwidXBkYXRlIjoxMjAwMDAwMDAwMDAwfX0="
        },
        {
          "index_key": "cloudscheduler.googleapis.com",
          "schema_version": 0,
          "attributes": {
            "disable_dependent_services": false,
            "disable_on_destroy": true,
            "id": "project-7d3fea71-ad84-4c07-99a/cloudscheduler.googleapis.com",
            "project": "project-7d3fea71-ad84-4c07-99a",
            "service": "cloudscheduler.googleapis.com",
            "timeouts": null
          },
          "sensitive_attributes": [],
          "identity_schema_version": 0,
          "private": "eyJlMmJmYjczMC1lY2FhLTExZTYtOGY4OC0zNDM2M2JjN2M0YzAiOnsiY3JlYXRlIjoxMjAwMDAwMDAwMDAwLCJkZWxldGUiOjEyMDAwMDAwMDAwMDAsInJlYWQiOjYwMDAwMDAwMDAwMCwidXBkYXRlIjoxMjAwMDAwMDAwMDAwfX0="
        },
        {
          "index_key": "eventarc.googleapis.com",
          "schema_version": 0,
          "attributes": {
            "disable_dependent_services": false,
            "disable_on_destroy": true,
            "id": "project-7d3fea71-ad84-4c07-99a/eventarc.googleapis.com",
            "project": "project-7d3fea71-ad84-4c07-99a",
            "service": "eventarc.googleapis.com",
            "timeouts": null
          },
          "sensitive_attributes": [],
          "identity_schema_version": 0,
          "private": "eyJlMmJmYjczMC1lY2FhLTExZTYtOGY4OC0zNDM2M2JjN2M0YzAiOnsiY3JlYXRlIjoxMjAwMDAwMDAwMDAwLCJkZWxldGUiOjEyMDAwMDAwMDAwMDAsInJlYWQiOjYwMDAwMDAwMDAwMCwidXBkYXRlIjoxMjAwMDAwMDAwMDAwfX0="
        },
        {
          "index_key": "run.googleapis.com",
          "schema_version": 0,
          "attributes": {
            "disable_dependent_services": false,
            "disable_on_destroy": true,
            "id": "project-7d3fea71-ad84-4c07-99a/run.googleapis.com",
            "project": "project-7d3fea71-ad84-4c07-99a",
            "service": "run.googleapis.com",
            "timeouts": null
          },
          "sensitive_attributes": [],
          "identity_schema_version": 0,
          "private": "eyJlMmJmYjczMC1lY2FhLTExZTYtOGY4OC0zNDM2M2JjN2M0YzAiOnsiY3JlYXRlIjoxMjAwMDAwMDAwMDAwLCJkZWxldGUiOjEyMDAwMDAwMDAwMDAsInJlYWQiOjYwMDAwMDAwMDAwMCwidXBkYXRlIjoxMjAwMDAwMDAwMDAwfX0="
        },
        {
          "index_key": "storage.googleapis.com",
          "schema_version": 0,
          "attributes": {
            "disable_dependent_services": false,
            "disable_on_destroy": true,
            "id": "project-7d3fea71-ad84-4c07-99a/storage.googleapis.com",
            "project": "project-7d3fea71-ad84-4c07-99a",
            "service": "storage.googleapis.com",
            "timeouts": null
          },
          "sensitive_attributes": [],
          "identity_schema_version": 0,
          "private": "eyJlMmJmYjczMC1lY2FhLTExZTYtOGY4OC0zNDM2M2JjN2M0YzAiOnsiY3JlYXRlIjoxMjAwMDAwMDAwMDAwLCJkZWxldGUiOjEyMDAwMDAwMDAwMDAsInJlYWQiOjYwMDAwMDAwMDAwMCwidXBkYXRlIjoxMjAwMDAwMDAwMDAwfX0="
        }
      ]
    },
    {
      "mode": "managed",
      "type": "google_service_account",
      "name": "runner",
      "provider": "provider[\"registry.terraform.io/hashicorp/google\"]",
      "instances": [
        {
          "schema_version": 0,
          "attributes": {
            "account_id": "satellite-refresh",
            "create_ignore_already_exists": null,
            "description": "Runs the refresh Cloud Function and is used by Cloud Scheduler to trigger it.",
            "disabled": false,
            "display_name": "Satellite pipeline runner",
            "email": "satellite-refresh@project-7d3fea71-ad84-4c07-99a.iam.gserviceaccount.com",
            "id": "projects/project-7d3fea71-ad84-4c07-99a/serviceAccounts/satellite-refresh@project-7d3fea71-ad84-4c07-99a.iam.gserviceaccount.com",
            "member": "serviceAccount:satellite-refresh@project-7d3fea71-ad84-4c07-99a.iam.gserviceaccount.com",
            "name": "projects/project-7d3fea71-ad84-4c07-99a/serviceAccounts/satellite-refresh@project-7d3fea71-ad84-4c07-99a.iam.gserviceaccount.com",
            "project": "project-7d3fea71-ad84-4c07-99a",
            "timeouts": null,
            "unique_id": "107021524427944418459"
          },
          "sensitive_attributes": [],
          "identity_schema_version": 0,
          "private": "eyJlMmJmYjczMC1lY2FhLTExZTYtOGY4OC0zNDM2M2JjN2M0YzAiOnsiY3JlYXRlIjozMDAwMDAwMDAwMDB9fQ=="
        }
      ]
    },
    {
      "mode": "managed",
      "type": "google_storage_bucket",
      "name": "data",
      "provider": "provider[\"registry.terraform.io/hashicorp/google\"]",
      "instances": [
        {
          "schema_version": 2,
          "attributes": {
            "autoclass": [],
            "cors": [],
            "custom_placement_config": [],
            "default_event_based_hold": false,
            "effective_labels": {},
            "enable_object_retention": false,
            "encryption": [],
            "force_destroy": true,
            "id": "project-7d3fea71-ad84-4c07-99a-satellite-data",
            "labels": {},
            "lifecycle_rule": [],
            "location": "US-CENTRAL1",
            "logging": [],
            "name": "project-7d3fea71-ad84-4c07-99a-satellite-data",
            "project": "project-7d3fea71-ad84-4c07-99a",
            "project_number": 333214009821,
            "public_access_prevention": "inherited",
            "requester_pays": false,
            "retention_policy": [],
            "rpo": null,
            "self_link": "https://www.googleapis.com/storage/v1/b/project-7d3fea71-ad84-4c07-99a-satellite-data",
            "soft_delete_policy": [
              {
                "effective_time": "2026-07-30T22:10:38.873Z",
                "retention_duration_seconds": 604800
              }
            ],
            "storage_class": "STANDARD",
            "terraform_labels": {},
            "timeouts": null,
            "uniform_bucket_level_access": true,
            "url": "gs://project-7d3fea71-ad84-4c07-99a-satellite-data",
            "versioning": [],
            "website": []
          },
          "sensitive_attributes": [],
          "identity_schema_version": 0,
          "private": "eyJlMmJmYjczMC1lY2FhLTExZTYtOGY4OC0zNDM2M2JjN2M0YzAiOnsiY3JlYXRlIjo2MDAwMDAwMDAwMDAsInJlYWQiOjI0MDAwMDAwMDAwMCwidXBkYXRlIjoyNDAwMDAwMDAwMDB9LCJzY2hlbWFfdmVyc2lvbiI6IjIifQ=="
        }
      ]
    },
    {
      "mode": "managed",
      "type": "google_storage_bucket",
      "name": "source",
      "provider": "provider[\"registry.terraform.io/hashicorp/google\"]",
      "instances": [
        {
          "schema_version": 2,
          "attributes": {
            "autoclass": [],
            "cors": [],
            "custom_placement_config": [],
            "default_event_based_hold": false,
            "effective_labels": {},
            "enable_object_retention": false,
            "encryption": [],
            "force_destroy": true,
            "id": "project-7d3fea71-ad84-4c07-99a-satellite-data-src",
            "labels": {},
            "lifecycle_rule": [],
            "location": "US-CENTRAL1",
            "logging": [],
            "name": "project-7d3fea71-ad84-4c07-99a-satellite-data-src",
            "project": "project-7d3fea71-ad84-4c07-99a",
            "project_number": 333214009821,
            "public_access_prevention": "enforced",
            "requester_pays": false,
            "retention_policy": [],
            "rpo": null,
            "self_link": "https://www.googleapis.com/storage/v1/b/project-7d3fea71-ad84-4c07-99a-satellite-data-src",
            "soft_delete_policy": [
              {
                "effective_time": "2026-07-30T22:10:39.106Z",
                "retention_duration_seconds": 604800
              }
            ],
            "storage_class": "STANDARD",
            "terraform_labels": {},
            "timeouts": null,
            "uniform_bucket_level_access": true,
            "url": "gs://project-7d3fea71-ad84-4c07-99a-satellite-data-src",
            "versioning": [],
            "website": []
          },
          "sensitive_attributes": [],
          "identity_schema_version": 0,
          "private": "eyJlMmJmYjczMC1lY2FhLTExZTYtOGY4OC0zNDM2M2JjN2M0YzAiOnsiY3JlYXRlIjo2MDAwMDAwMDAwMDAsInJlYWQiOjI0MDAwMDAwMDAwMCwidXBkYXRlIjoyNDAwMDAwMDAwMDB9LCJzY2hlbWFfdmVyc2lvbiI6IjIifQ=="
        }
      ]
    },
    {
      "mode": "managed",
      "type": "google_storage_bucket_iam_member",
      "name": "fn_write",
      "provider": "provider[\"registry.terraform.io/hashicorp/google\"]",
      "instances": [
        {
          "schema_version": 0,
          "attributes": {
            "bucket": "b/project-7d3fea71-ad84-4c07-99a-satellite-data",
            "condition": [],
            "etag": "CAM=",
            "id": "b/project-7d3fea71-ad84-4c07-99a-satellite-data/roles/storage.objectAdmin/serviceAccount:satellite-refresh@project-7d3fea71-ad84-4c07-99a.iam.gserviceaccount.com",
            "member": "serviceAccount:satellite-refresh@project-7d3fea71-ad84-4c07-99a.iam.gserviceaccount.com",
            "role": "roles/storage.objectAdmin"
          },
          "sensitive_attributes": [],
          "identity_schema_version": 0,
          "private": "bnVsbA==",
          "dependencies": [
            "google_service_account.runner",
            "google_storage_bucket.data"
          ]
        }
      ]
    },
    {
      "mode": "managed",
      "type": "google_storage_bucket_iam_member",
      "name": "public_read",
      "provider": "provider[\"registry.terraform.io/hashicorp/google\"]",
      "instances": [
        {
          "schema_version": 0,
          "attributes": {
            "bucket": "b/project-7d3fea71-ad84-4c07-99a-satellite-data",
            "condition": [],
            "etag": "CAM=",
            "id": "b/project-7d3fea71-ad84-4c07-99a-satellite-data/roles/storage.objectViewer/allUsers",
            "member": "allUsers",
            "role": "roles/storage.objectViewer"
          },
          "sensitive_attributes": [],
          "identity_schema_version": 0,
          "private": "bnVsbA==",
          "dependencies": [
            "google_storage_bucket.data"
          ]
        }
      ]
    },
    {
      "mode": "managed",
      "type": "google_storage_bucket_object",
      "name": "source",
      "provider": "provider[\"registry.terraform.io/hashicorp/google\"]",
      "instances": [
        {
          "schema_version": 0,
          "attributes": {
            "bucket": "project-7d3fea71-ad84-4c07-99a-satellite-data-src",
            "cache_control": "",
            "content": null,
            "content_disposition": "",
            "content_encoding": "",
            "content_language": "",
            "content_type": "application/zip",
            "crc32c": "bjtJkA==",
            "customer_encryption": [],
            "detect_md5hash": "fceReYGtuLTNWXfkCRjpAQ==",
            "event_based_hold": false,
            "generation": 1785449439554309,
            "id": "project-7d3fea71-ad84-4c07-99a-satellite-data-src-function-7dc7917981adb8b4cd5977e40918e901.zip",
            "kms_key_name": "",
            "md5hash": "fceReYGtuLTNWXfkCRjpAQ==",
            "media_link": "https://storage.googleapis.com/download/storage/v1/b/project-7d3fea71-ad84-4c07-99a-satellite-data-src/o/function-7dc7917981adb8b4cd5977e40918e901.zip?generation=1785449439554309\u0026alt=media",
            "metadata": {},
            "name": "function-7dc7917981adb8b4cd5977e40918e901.zip",
            "output_name": "function-7dc7917981adb8b4cd5977e40918e901.zip",
            "retention": [],
            "self_link": "https://www.googleapis.com/storage/v1/b/project-7d3fea71-ad84-4c07-99a-satellite-data-src/o/function-7dc7917981adb8b4cd5977e40918e901.zip",
            "source": "./function-source.zip",
            "storage_class": "STANDARD",
            "temporary_hold": false,
            "timeouts": null
          },
          "sensitive_attributes": [
            [
              {
                "type": "get_attr",
                "value": "content"
              }
            ]
          ],
          "identity_schema_version": 0,
          "private": "eyJlMmJmYjczMC1lY2FhLTExZTYtOGY4OC0zNDM2M2JjN2M0YzAiOnsiY3JlYXRlIjoyNDAwMDAwMDAwMDAsImRlbGV0ZSI6MjQwMDAwMDAwMDAwLCJ1cGRhdGUiOjI0MDAwMDAwMDAwMH19",
          "dependencies": [
            "data.archive_file.function_source",
            "google_storage_bucket.source"
          ]
        }
      ]
    }
  ],
  "check_results": null
}
